
Microsoft Visual Studio Solution File, Format Version 12.00
# Visual Studio 15
VisualStudioVersion = 15.0.28307.645
MinimumVisualStudioVersion = 10.0.40219.1
Project("{FAE04EC0-301F-11D3-BF4B-00C04F79EFBC}") = "SliyanieTrees", "SliyanieTrees\SliyanieTrees.csproj", "{DAA50118-255D-466D-9071-85E0E5A564FF}"
EndProject
Global
	GlobalSection(SolutionConfigurationPlatforms) = preSolution
		Debug|Any CPU = Debug|Any CPU
		Release|Any CPU = Release|Any CPU
	EndGlobalSection
	GlobalSection(ProjectConfigurationPlatforms) = postSolution
		{DAA50118-255D-466D-9071-85E0E5A564FF}.Debug|Any CPU.ActiveCfg = Debug|Any CPU
		{DAA50118-255D-466D-9071-85E0E5A564FF}.Debug|Any CPU.Build.0 = Debug|Any CPU
		{DAA50118-255D-466D-9071-85E0E5A564FF}.Release|Any CPU.ActiveCfg = Release|Any CPU
		{DAA50118-255D-466D-9071-85E0E5A564FF}.Release|Any CPU.Build.0 = Release|Any CPU
	EndGlobalSection
	GlobalSection(SolutionProperties) = preSolution
		HideSolutionNode = FALSE
	EndGlobalSection
	GlobalSection(ExtensibilityGlobals) = postSolution
		SolutionGuid = {61162820-0782-4D93-84EC-CCE9A4FDA0D5}
	EndGlobalSection
EndGlobal
